
Microsoft Visual Studio Solution File, Format Version 12.00
# Visual Studio Version 17
VisualStudioVersion = 17.3.32929.385
MinimumVisualStudioVersion = 10.0.40219.1
Project("{FAE04EC0-301F-11D3-BF4B-00C04F79EFBC}") = "loginR", "loginR\loginR.csproj", "{2779B40E-3D3B-4B89-97EE-03A2E7350984}"
EndProject
Global
	GlobalSection(SolutionConfigurationPlatforms) = preSolution
		Debug|Any CPU = Debug|Any CPU
		Release|Any CPU = Release|Any CPU
	EndGlobalSection
	GlobalSection(ProjectConfigurationPlatforms) = postSolution
		{2779B40E-3D3B-4B89-97EE-03A2E7350984}.Debug|Any CPU.ActiveCfg = Debug|Any CPU
		{2779B40E-3D3B-4B89-97EE-03A2E7350984}.Debug|Any CPU.Build.0 = Debug|Any CPU
		{2779B40E-3D3B-4B89-97EE-03A2E7350984}.Release|Any CPU.ActiveCfg = Release|Any CPU
		{2779B40E-3D3B-4B89-97EE-03A2E7350984}.Release|Any CPU.Build.0 = Release|Any CPU
	EndGlobalSection
	GlobalSection(SolutionProperties) = preSolution
		HideSolutionNode = FALSE
	EndGlobalSection
	GlobalSection(ExtensibilityGlobals) = postSolution
		SolutionGuid = {55C44E20-D00C-497D-BFD6-A4D935EDBBE0}
	EndGlobalSection
EndGlobal
